
Microsoft Visual Studio Solution File, Format Version 12.00
# Visual Studio Version 16
VisualStudioVersion = 16.0.29920.165
MinimumVisualStudioVersion = 10.0.40219.1
Project("{FAE04EC0-301F-11D3-BF4B-00C04F79EFBC}") = "Tugas3_SBD34", "Tugas3_SBD34.csproj", "{E55C0882-6F5C-4F58-8FDD-01B662A3461C}"
EndProject
Global
	GlobalSection(SolutionConfigurationPlatforms) = preSolution
		Debug|Any CPU = Debug|Any CPU
		Release|Any CPU = Release|Any CPU
	EndGlobalSection
	GlobalSection(ProjectConfigurationPlatforms) = postSolution
		{E55C0882-6F5C-4F58-8FDD-01B662A3461C}.Debug|Any CPU.ActiveCfg = Debug|Any CPU
		{E55C0882-6F5C-4F58-8FDD-01B662A3461C}.Debug|Any CPU.Build.0 = Debug|Any CPU
		{E55C0882-6F5C-4F58-8FDD-01B662A3461C}.Release|Any CPU.ActiveCfg = Release|Any CPU
		{E55C0882-6F5C-4F58-8FDD-01B662A3461C}.Release|Any CPU.Build.0 = Release|Any CPU
	EndGlobalSection
	GlobalSection(SolutionProperties) = preSolution
		HideSolutionNode = FALSE
	EndGlobalSection
	GlobalSection(ExtensibilityGlobals) = postSolution
		SolutionGuid = {CBF85252-9AC4-49C3-9841-6A2D1B86494F}
	EndGlobalSection
EndGlobal
